// !$*UTF8*$!
{
	archiveVersion = 1;
	classes = {
	};
	objectVersion = 46;
	objects = {

/* Begin PBXBuildFile section */
		688B934AD20943F4AC91C9DC /* libPods.a in Frameworks */ = {isa = PBXBuildFile; fileRef = 355A495E302343728B835054 /* libPods.a */; };
		D88CDB98198B4740008DCEFF /* Foundation.framework in Frameworks */ = {isa = PBXBuildFile; fileRef = D88CDB97198B4740008DCEFF /* Foundation.framework */; };
		D88CDB9A198B4740008DCEFF /* CoreGraphics.framework in Frameworks */ = {isa = PBXBuildFile; fileRef = D88CDB99198B4740008DCEFF /* CoreGraphics.framework */; };
		D88CDB9C198B4740008DCEFF /* UIKit.framework in Frameworks */ = {isa = PBXBuildFile; fileRef = D88CDB9B198B4740008DCEFF /* UIKit.framework */; };
		D88CDBA2198B4740008DCEFF /* InfoPlist.strings in Resources */ = {isa = PBXBuildFile; fileRef = D88CDBA0198B4740008DCEFF /* InfoPlist.strings */; };
		D88CDBA4198B4740008DCEFF /* main.m in Sources */ = {isa = PBXBuildFile; fileRef = D88CDBA3198B4740008DCEFF /* main.m */; };
		D88CDBA8198B4740008DCEFF /* ZHAppDelegate.m in Sources */ = {isa = PBXBuildFile; fileRef = D88CDBA7198B4740008DCEFF /* ZHAppDelegate.m */; };
		D88CDBAB198B4740008DCEFF /* Main.storyboard in Resources */ = {isa = PBXBuildFile; fileRef = D88CDBA9198B4740008DCEFF /* Main.storyboard */; };
		D88CDBB0198B4740008DCEFF /* Images.xcassets in Resources */ = {isa = PBXBuildFile; fileRef = D88CDBAF198B4740008DCEFF /* Images.xcassets */; };
		D88CDBB7198B4740008DCEFF /* XCTest.framework in Frameworks */ = {isa = PBXBuildFile; fileRef = D88CDBB6198B4740008DCEFF /* XCTest.framework */; };
		D88CDBB8198B4740008DCEFF /* Foundation.framework in Frameworks */ = {isa = PBXBuildFile; fileRef = D88CDB97198B4740008DCEFF /* Foundation.framework */; };
		D88CDBB9198B4740008DCEFF /* UIKit.framework in Frameworks */ = {isa = PBXBuildFile; fileRef = D88CDB9B198B4740008DCEFF /* UIKit.framework */; };
		D88CDBC1198B4740008DCEFF /* InfoPlist.strings in Resources */ = {isa = PBXBuildFile; fileRef = D88CDBBF198B4740008DCEFF /* InfoPlist.strings */; };
		D88CDBC3198B4740008DCEFF /* ZhihuDailyTests.m in Sources */ = {isa = PBXBuildFile; fileRef = D88CDBC2198B4740008DCEFF /* ZhihuDailyTests.m */; };
		D88CDBCE198B48B2008DCEFF /* ZHClient.m in Sources */ = {isa = PBXBuildFile; fileRef = D88CDBCD198B48B2008DCEFF /* ZHClient.m */; };
		D88CDBD1198B4932008DCEFF /* ZHStory.m in Sources */ = {isa = PBXBuildFile; fileRef = D88CDBD0198B4932008DCEFF /* ZHStory.m */; };
		D88CDBD5198B49BF008DCEFF /* ZHMasterViewController.m in Sources */ = {isa = PBXBuildFile; fileRef = D88CDBD4198B49BF008DCEFF /* ZHMasterViewController.m */; };
		D88CDBD8198B49E3008DCEFF /* ZHStoryCell.m in Sources */ = {isa = PBXBuildFile; fileRef = D88CDBD7198B49E3008DCEFF /* ZHStoryCell.m */; };
		D88CDBDB198B52FB008DCEFF /* NSString+Date.m in Sources */ = {isa = PBXBuildFile; fileRef = D88CDBDA198B52FB008DCEFF /* NSString+Date.m */; };
		D88CDBDE198B5532008DCEFF /* NSDate+String.m in Sources */ = {isa = PBXBuildFile; fileRef = D88CDBDD198B5532008DCEFF /* NSDate+String.m */; };
		D89EC4EC198CB7C90015166F /* ZHDetailViewController.m in Sources */ = {isa = PBXBuildFile; fileRef = D89EC4EB198CB7C90015166F /* ZHDetailViewController.m */; };
		D89EC4EF198CBFD40015166F /* ZHContent.m in Sources */ = {isa = PBXBuildFile; fileRef = D89EC4EE198CBFD40015166F /* ZHContent.m */; };
		D89EC4F2198CC61B0015166F /* ZHContentWebView.m in Sources */ = {isa = PBXBuildFile; fileRef = D89EC4F1198CC61B0015166F /* ZHContentWebView.m */; };
		D89EC4F4198CC6F10015166F /* ContentHTML.html in Resources */ = {isa = PBXBuildFile; fileRef = D89EC4F3198CC6F10015166F /* ContentHTML.html */; };
		D89EC4F6198D08490015166F /* ContentStyle.css in Resources */ = {isa = PBXBuildFile; fileRef = D89EC4F5198D08490015166F /* ContentStyle.css */; };
		D89EC4F9198D0EED0015166F /* ContentScript.js in Resources */ = {isa = PBXBuildFile; fileRef = D89EC4F7198D0DA30015166F /* ContentScript.js */; };
/* End PBXBuildFile section */

/* Begin PBXContainerItemProxy section */
		D88CDBBA198B4740008DCEFF /* PBXContainerItemProxy */ = {
			isa = PBXContainerItemProxy;
			containerPortal = D88CDB8C198B4740008DCEFF /* Project object */;
			proxyType = 1;
			remoteGlobalIDString = D88CDB93198B4740008DCEFF;
			remoteInfo = ZhihuDaily;
		};
/* End PBXContainerItemProxy section */

/* Begin PBXFileReference section */
		355A495E302343728B835054 /* libPods.a */ = {isa = PBXFileReference; explicitFileType = archive.ar; includeInIndex = 0; path = libPods.a; sourceTree = BUILT_PRODUCTS_DIR; };
		A994891ECB494671A5F72DD4 /* Pods.xcconfig */ = {isa = PBXFileReference; includeInIndex = 1; lastKnownFileType = text.xcconfig; name = Pods.xcconfig; path = Pods/Pods.xcconfig; sourceTree = "<group>"; };
		D88CDB94198B4740008DCEFF /* ZhihuDaily.app */ = {isa = PBXFileReference; explicitFileType = wrapper.application; includeInIndex = 0; path = ZhihuDaily.app; sourceTree = BUILT_PRODUCTS_DIR; };
		D88CDB97198B4740008DCEFF /* Foundation.framework */ = {isa = PBXFileReference; lastKnownFileType = wrapper.framework; name = Foundation.framework; path = System/Library/Frameworks/Foundation.framework; sourceTree = SDKROOT; };
		D88CDB99198B4740008DCEFF /* CoreGraphics.framework */ = {isa = PBXFileReference; lastKnownFileType = wrapper.framework; name = CoreGraphics.framework; path = System/Library/Frameworks/CoreGraphics.framework; sourceTree = SDKROOT; };
		D88CDB9B198B4740008DCEFF /* UIKit.framework */ = {isa = PBXFileReference; lastKnownFileType = wrapper.framework; name = UIKit.framework; path = System/Library/Frameworks/UIKit.framework; sourceTree = SDKROOT; };
		D88CDB9F198B4740008DCEFF /* ZhihuDaily-Info.plist */ = {isa = PBXFileReference; lastKnownFileType = text.plist.xml; path = "ZhihuDaily-Info.plist"; sourceTree = "<group>"; };
		D88CDBA3198B4740008DCEFF /* main.m */ = {isa = PBXFileReference; lastKnownFileType = sourcecode.c.objc; path = main.m; sourceTree = "<group>"; };
		D88CDBA5198B4740008DCEFF /* ZhihuDaily-Prefix.pch */ = {isa = PBXFileReference; lastKnownFileType = sourcecode.c.h; path = "ZhihuDaily-Prefix.pch"; sourceTree = "<group>"; };
		D88CDBA6198B4740008DCEFF /* ZHAppDelegate.h */ = {isa = PBXFileReference; lastKnownFileType = sourcecode.c.h; path = ZHAppDelegate.h; sourceTree = "<group>"; };
		D88CDBA7198B4740008DCEFF /* ZHAppDelegate.m */ = {isa = PBXFileReference; lastKnownFileType = sourcecode.c.objc; path = ZHAppDelegate.m; sourceTree = "<group>"; };
		D88CDBAF198B4740008DCEFF /* Images.xcassets */ = {isa = PBXFileReference; lastKnownFileType = folder.assetcatalog; path = Images.xcassets; sourceTree = "<group>"; };
		D88CDBB5198B4740008DCEFF /* ZhihuDailyTests.xctest */ = {isa = PBXFileReference; explicitFileType = wrapper.cfbundle; includeInIndex = 0; path = ZhihuDailyTests.xctest; sourceTree = BUILT_PRODUCTS_DIR; };
		D88CDBB6198B4740008DCEFF /* XCTest.framework */ = {isa = PBXFileReference; lastKnownFileType = wrapper.framework; name = XCTest.framework; path = Library/Frameworks/XCTest.framework; sourceTree = DEVELOPER_DIR; };
		D88CDBBE198B4740008DCEFF /* ZhihuDailyTests-Info.plist */ = {isa = PBXFileReference; lastKnownFileType = text.plist.xml; path = "ZhihuDailyTests-Info.plist"; sourceTree = "<group>"; };
		D88CDBC2198B4740008DCEFF /* ZhihuDailyTests.m */ = {isa = PBXFileReference; lastKnownFileType = sourcecode.c.objc; path = ZhihuDailyTests.m; sourceTree = "<group>"; };
		D88CDBCC198B48B2008DCEFF /* ZHClient.h */ = {isa = PBXFileReference; fileEncoding = 4; lastKnownFileType = sourcecode.c.h; path = ZHClient.h; sourceTree = "<group>"; };
		D88CDBCD198B48B2008DCEFF /* ZHClient.m */ = {isa = PBXFileReference; fileEncoding = 4; lastKnownFileType = sourcecode.c.objc; path = ZHClient.m; sourceTree = "<group>"; };
		D88CDBCF198B4932008DCEFF /* ZHStory.h */ = {isa = PBXFileReference; fileEncoding = 4; lastKnownFileType = sourcecode.c.h; path = ZHStory.h; sourceTree = "<group>"; };
		D88CDBD0198B4932008DCEFF /* ZHStory.m */ = {isa = PBXFileReference; fileEncoding = 4; lastKnownFileType = sourcecode.c.objc; path = ZHStory.m; sourceTree = "<group>"; };
		D88CDBD3198B49BF008DCEFF /* ZHMasterViewController.h */ = {isa = PBXFileReference; fileEncoding = 4; lastKnownFileType = sourcecode.c.h; path = ZHMasterViewController.h; sourceTree = "<group>"; };
		D88CDBD4198B49BF008DCEFF /* ZHMasterViewController.m */ = {isa = PBXFileReference; fileEncoding = 4; lastKnownFileType = sourcecode.c.objc; path = ZHMasterViewController.m; sourceTree = "<group>"; };
		D88CDBD6198B49E3008DCEFF /* ZHStoryCell.h */ = {isa = PBXFileReference; fileEncoding = 4; lastKnownFileType = sourcecode.c.h; path = ZHStoryCell.h; sourceTree = "<group>"; };
		D88CDBD7198B49E3008DCEFF /* ZHStoryCell.m */ = {isa = PBXFileReference; fileEncoding = 4; lastKnownFileType = sourcecode.c.objc; path = ZHStoryCell.m; sourceTree = "<group>"; };
		D88CDBD9198B52FB008DCEFF /* NSString+Date.h */ = {isa = PBXFileReference; fileEncoding = 4; lastKnownFileType = sourcecode.c.h; path = "NSString+Date.h"; sourceTree = "<group>"; };
		D88CDBDA198B52FB008DCEFF /* NSString+Date.m */ = {isa = PBXFileReference; fileEncoding = 4; lastKnownFileType = sourcecode.c.objc; path = "NSString+Date.m"; sourceTree = "<group>"; };
		D88CDBDC198B5532008DCEFF /* NSDate+String.h */ = {isa = PBXFileReference; fileEncoding = 4; lastKnownFileType = sourcecode.c.h; path = "NSDate+String.h"; sourceTree = "<group>"; };
		D88CDBDD198B5532008DCEFF /* NSDate+String.m */ = {isa = PBXFileReference; fileEncoding = 4; lastKnownFileType = sourcecode.c.objc; path = "NSDate+String.m"; sourceTree = "<group>"; };
		D88CDBDF198B59C9008DCEFF /* zh-Hans */ = {isa = PBXFileReference; lastKnownFileType = file.storyboard; name = "zh-Hans"; path = "zh-Hans.lproj/Main.storyboard"; sourceTree = "<group>"; };
		D88CDBE0198B59C9008DCEFF /* zh-Hans */ = {isa = PBXFileReference; lastKnownFileType = text.plist.strings; name = "zh-Hans"; path = "zh-Hans.lproj/InfoPlist.strings"; sourceTree = "<group>"; };
		D88CDBE1198B59C9008DCEFF /* zh-Hans */ = {isa = PBXFileReference; lastKnownFileType = text.plist.strings; name = "zh-Hans"; path = "zh-Hans.lproj/InfoPlist.strings"; sourceTree = "<group>"; };
		D89EC4EA198CB7C90015166F /* ZHDetailViewController.h */ = {isa = PBXFileReference; fileEncoding = 4; lastKnownFileType = sourcecode.c.h; name = ZHDetailViewController.h; path = ../ZHDetailViewController.h; sourceTree = "<group>"; };
		D89EC4EB198CB7C90015166F /* ZHDetailViewController.m */ = {isa = PBXFileReference; fileEncoding = 4; lastKnownFileType = sourcecode.c.objc; name = ZHDetailViewController.m; path = ../ZHDetailViewController.m; sourceTree = "<group>"; };
		D89EC4ED198CBFD40015166F /* ZHContent.h */ = {isa = PBXFileReference; fileEncoding = 4; lastKnownFileType = sourcecode.c.h; path = ZHContent.h; sourceTree = "<group>"; };
		D89EC4EE198CBFD40015166F /* ZHContent.m */ = {isa = PBXFileReference; fileEncoding = 4; lastKnownFileType = sourcecode.c.objc; path = ZHContent.m; sourceTree = "<group>"; };
		D89EC4F0198CC61B0015166F /* ZHContentWebView.h */ = {isa = PBXFileReference; fileEncoding = 4; lastKnownFileType = sourcecode.c.h; path = ZHContentWebView.h; sourceTree = "<group>"; };
		D89EC4F1198CC61B0015166F /* ZHContentWebView.m */ = {isa = PBXFileReference; fileEncoding = 4; lastKnownFileType = sourcecode.c.objc; path = ZHContentWebView.m; sourceTree = "<group>"; };
		D89EC4F3198CC6F10015166F /* ContentHTML.html */ = {isa = PBXFileReference; fileEncoding = 4; lastKnownFileType = text.html; path = ContentHTML.html; sourceTree = "<group>"; };
		D89EC4F5198D08490015166F /* ContentStyle.css */ = {isa = PBXFileReference; fileEncoding = 4; lastKnownFileType = text.css; path = ContentStyle.css; sourceTree = "<group>"; };
		D89EC4F7198D0DA30015166F /* ContentScript.js */ = {isa = PBXFileReference; fileEncoding = 4; lastKnownFileType = sourcecode.javascript; path = ContentScript.js; sourceTree = "<group>"; };
/* End PBXFileReference section */

/* Begin PBXFrameworksBuildPhase section */
		D88CDB91198B4740008DCEFF /* Frameworks */ = {
			isa = PBXFrameworksBuildPhase;
			buildActionMask = 2147483647;
			files = (
				D88CDB9A198B4740008DCEFF /* CoreGraphics.framework in Frameworks */,
				D88CDB9C198B4740008DCEFF /* UIKit.framework in Frameworks */,
				D88CDB98198B4740008DCEFF /* Foundation.framework in Frameworks */,
				688B934AD20943F4AC91C9DC /* libPods.a in Frameworks */,
			);
			runOnlyForDeploymentPostprocessing = 0;
		};
		D88CDBB2198B4740008DCEFF /* Frameworks */ = {
			isa = PBXFrameworksBuildPhase;
			buildActionMask = 2147483647;
			files = (
				D88CDBB7198B4740008DCEFF /* XCTest.framework in Frameworks */,
				D88CDBB9198B4740008DCEFF /* UIKit.framework in Frameworks */,
				D88CDBB8198B4740008DCEFF /* Foundation.framework in Frameworks */,
			);
			runOnlyForDeploymentPostprocessing = 0;
		};
/* End PBXFrameworksBuildPhase section */

/* Begin PBXGroup section */
		D88CDB8B198B4740008DCEFF = {
			isa = PBXGroup;
			children = (
				D88CDB9D198B4740008DCEFF /* ZhihuDaily */,
				D88CDBBC198B4740008DCEFF /* ZhihuDailyTests */,
				D88CDB96198B4740008DCEFF /* Frameworks */,
				D88CDB95198B4740008DCEFF /* Products */,
				A994891ECB494671A5F72DD4 /* Pods.xcconfig */,
			);
			sourceTree = "<group>";
		};
		D88CDB95198B4740008DCEFF /* Products */ = {
			isa = PBXGroup;
			children = (
				D88CDB94198B4740008DCEFF /* ZhihuDaily.app */,
				D88CDBB5198B4740008DCEFF /* ZhihuDailyTests.xctest */,
			);
			name = Products;
			sourceTree = "<group>";
		};
		D88CDB96198B4740008DCEFF /* Frameworks */ = {
			isa = PBXGroup;
			children = (
				D88CDB97198B4740008DCEFF /* Foundation.framework */,
				D88CDB99198B4740008DCEFF /* CoreGraphics.framework */,
				D88CDB9B198B4740008DCEFF /* UIKit.framework */,
				D88CDBB6198B4740008DCEFF /* XCTest.framework */,
				355A495E302343728B835054 /* libPods.a */,
			);
			name = Frameworks;
			sourceTree = "<group>";
		};
		D88CDB9D198B4740008DCEFF /* ZhihuDaily */ = {
			isa = PBXGroup;
			children = (
				D89EC4FB198D21150015166F /* Libraries */,
				D88CDBE2198B5BA5008DCEFF /* Categories */,
				D88CDBD2198B4959008DCEFF /* Models */,
				D89EC4FA198D20F80015166F /* Views */,
				D89EC4FC198D212A0015166F /* Controllers */,
				D88CDBA9198B4740008DCEFF /* Main.storyboard */,
				D88CDBA6198B4740008DCEFF /* ZHAppDelegate.h */,
				D88CDBA7198B4740008DCEFF /* ZHAppDelegate.m */,
				D88CDBAF198B4740008DCEFF /* Images.xcassets */,
				D88CDB9E198B4740008DCEFF /* Supporting Files */,
			);
			path = ZhihuDaily;
			sourceTree = "<group>";
		};
		D88CDB9E198B4740008DCEFF /* Supporting Files */ = {
			isa = PBXGroup;
			children = (
				D89EC4F3198CC6F10015166F /* ContentHTML.html */,
				D89EC4F5198D08490015166F /* ContentStyle.css */,
				D89EC4F7198D0DA30015166F /* ContentScript.js */,
				D88CDB9F198B4740008DCEFF /* ZhihuDaily-Info.plist */,
				D88CDBA0198B4740008DCEFF /* InfoPlist.strings */,
				D88CDBA3198B4740008DCEFF /* main.m */,
				D88CDBA5198B4740008DCEFF /* ZhihuDaily-Prefix.pch */,
			);
			name = "Supporting Files";
			sourceTree = "<group>";
		};
		D88CDBBC198B4740008DCEFF /* ZhihuDailyTests */ = {
			isa = PBXGroup;
			children = (
				D88CDBC2198B4740008DCEFF /* ZhihuDailyTests.m */,
				D88CDBBD198B4740008DCEFF /* Supporting Files */,
			);
			path = ZhihuDailyTests;
			sourceTree = "<group>";
		};
		D88CDBBD198B4740008DCEFF /* Supporting Files */ = {
			isa = PBXGroup;
			children = (
				D88CDBBE198B4740008DCEFF /* ZhihuDailyTests-Info.plist */,
				D88CDBBF198B4740008DCEFF /* InfoPlist.strings */,
			);
			name = "Supporting Files";
			sourceTree = "<group>";
		};
		D88CDBD2198B4959008DCEFF /* Models */ = {
			isa = PBXGroup;
			children = (
				D88CDBCF198B4932008DCEFF /* ZHStory.h */,
				D88CDBD0198B4932008DCEFF /* ZHStory.m */,
				D89EC4ED198CBFD40015166F /* ZHContent.h */,
				D89EC4EE198CBFD40015166F /* ZHContent.m */,
			);
			name = Models;
			sourceTree = "<group>";
		};
		D88CDBE2198B5BA5008DCEFF /* Categories */ = {
			isa = PBXGroup;
			children = (
				D88CDBDC198B5532008DCEFF /* NSDate+String.h */,
				D88CDBDD198B5532008DCEFF /* NSDate+String.m */,
				D88CDBD9198B52FB008DCEFF /* NSString+Date.h */,
				D88CDBDA198B52FB008DCEFF /* NSString+Date.m */,
			);
			name = Categories;
			sourceTree = "<group>";
		};
		D89EC4FA198D20F80015166F /* Views */ = {
			isa = PBXGroup;
			children = (
				D89EC4F0198CC61B0015166F /* ZHContentWebView.h */,
				D89EC4F1198CC61B0015166F /* ZHContentWebView.m */,
				D88CDBD6198B49E3008DCEFF /* ZHStoryCell.h */,
				D88CDBD7198B49E3008DCEFF /* ZHStoryCell.m */,
			);
			name = Views;
			sourceTree = "<group>";
		};
		D89EC4FB198D21150015166F /* Libraries */ = {
			isa = PBXGroup;
			children = (
				D88CDBCC198B48B2008DCEFF /* ZHClient.h */,
				D88CDBCD198B48B2008DCEFF /* ZHClient.m */,
			);
			name = Libraries;
			sourceTree = "<group>";
		};
		D89EC4FC198D212A0015166F /* Controllers */ = {
			isa = PBXGroup;
			children = (
				D88CDBD3198B49BF008DCEFF /* ZHMasterViewController.h */,
				D88CDBD4198B49BF008DCEFF /* ZHMasterViewController.m */,
				D89EC4EA198CB7C90015166F /* ZHDetailViewController.h */,
				D89EC4EB198CB7C90015166F /* ZHDetailViewController.m */,
			);
			name = Controllers;
			sourceTree = "<group>";
		};
/* End PBXGroup section */

/* Begin PBXNativeTarget section */
		D88CDB93198B4740008DCEFF /* ZhihuDaily */ = {
			isa = PBXNativeTarget;
			buildConfigurationList = D88CDBC6198B4740008DCEFF /* Build configuration list for PBXNativeTarget "ZhihuDaily" */;
			buildPhases = (
				9679A8AB6CB84A3C83BA0B4C /* Check Pods Manifest.lock */,
				D88CDB90198B4740008DCEFF /* Sources */,
				D88CDB91198B4740008DCEFF /* Frameworks */,
				D88CDB92198B4740008DCEFF /* Resources */,
				231EC97F1F534915B7CF2B2A /* Copy Pods Resources */,
			);
			buildRules = (
			);
			dependencies = (
			);
			name = ZhihuDaily;
			productName = ZhihuDaily;
			productReference = D88CDB94198B4740008DCEFF /* ZhihuDaily.app */;
			productType = "com.apple.product-type.application";
		};
		D88CDBB4198B4740008DCEFF /* ZhihuDailyTests */ = {
			isa = PBXNativeTarget;
			buildConfigurationList = D88CDBC9198B4740008DCEFF /* Build configuration list for PBXNativeTarget "ZhihuDailyTests" */;
			buildPhases = (
				D88CDBB1198B4740008DCEFF /* Sources */,
				D88CDBB2198B4740008DCEFF /* Frameworks */,
				D88CDBB3198B4740008DCEFF /* Resources */,
			);
			buildRules = (
			);
			dependencies = (
				D88CDBBB198B4740008DCEFF /* PBXTargetDependency */,
			);
			name = ZhihuDailyTests;
			productName = ZhihuDailyTests;
			productReference = D88CDBB5198B4740008DCEFF /* ZhihuDailyTests.xctest */;
			productType = "com.apple.product-type.bundle.unit-test";
		};
/* End PBXNativeTarget section */

/* Begin PBXProject section */
		D88CDB8C198B4740008DCEFF /* Project object */ = {
			isa = PBXProject;
			attributes = {
				CLASSPREFIX = ZH;
				LastUpgradeCheck = 0510;
				ORGANIZATIONNAME = Madimo;
				TargetAttributes = {
					D88CDB93198B4740008DCEFF = {
						DevelopmentTeam = GKXU2E4SX7;
					};
					D88CDBB4198B4740008DCEFF = {
						TestTargetID = D88CDB93198B4740008DCEFF;
					};
				};
			};
			buildConfigurationList = D88CDB8F198B4740008DCEFF /* Build configuration list for PBXProject "ZhihuDaily" */;
			compatibilityVersion = "Xcode 3.2";
			developmentRegion = English;
			hasScannedForEncodings = 0;
			knownRegions = (
				en,
				Base,
				"zh-Hans",
			);
			mainGroup = D88CDB8B198B4740008DCEFF;
			productRefGroup = D88CDB95198B4740008DCEFF /* Products */;
			projectDirPath = "";
			projectRoot = "";
			targets = (
				D88CDB93198B4740008DCEFF /* ZhihuDaily */,
				D88CDBB4198B4740008DCEFF /* ZhihuDailyTests */,
			);
		};
/* End PBXProject section */

/* Begin PBXResourcesBuildPhase section */
		D88CDB92198B4740008DCEFF /* Resources */ = {
			isa = PBXResourcesBuildPhase;
			buildActionMask = 2147483647;
			files = (
				D88CDBB0198B4740008DCEFF /* Images.xcassets in Resources */,
				D88CDBA2198B4740008DCEFF /* InfoPlist.strings in Resources */,
				D88CDBAB198B4740008DCEFF /* Main.storyboard in Resources */,
				D89EC4F4198CC6F10015166F /* ContentHTML.html in Resources */,
				D89EC4F6198D08490015166F /* ContentStyle.css in Resources */,
				D89EC4F9198D0EED0015166F /* ContentScript.js in Resources */,
			);
			runOnlyForDeploymentPostprocessing = 0;
		};
		D88CDBB3198B4740008DCEFF /* Resources */ = {
			isa = PBXResourcesBuildPhase;
			buildActionMask = 2147483647;
			files = (
				D88CDBC1198B4740008DCEFF /* InfoPlist.strings in Resources */,
			);
			runOnlyForDeploymentPostprocessing = 0;
		};
/* End PBXResourcesBuildPhase section */

/* Begin PBXShellScriptBuildPhase section */
		231EC97F1F534915B7CF2B2A /* Copy Pods Resources */ = {
			isa = PBXShellScriptBuildPhase;
			buildActionMask = 2147483647;
			files = (
			);
			inputPaths = (
			);
			name = "Copy Pods Resources";
			outputPaths = (
			);
			runOnlyForDeploymentPostprocessing = 0;
			shellPath = /bin/sh;
			shellScript = "\"${SRCROOT}/Pods/Pods-resources.sh\"\n";
			showEnvVarsInLog = 0;
		};
		9679A8AB6CB84A3C83BA0B4C /* Check Pods Manifest.lock */ = {
			isa = PBXShellScriptBuildPhase;
			buildActionMask = 2147483647;
			files = (
			);
			inputPaths = (
			);
			name = "Check Pods Manifest.lock";
			outputPaths = (
			);
			runOnlyForDeploymentPostprocessing = 0;
			shellPath = /bin/sh;
			shellScript = "diff \"${PODS_ROOT}/../Podfile.lock\" \"${PODS_ROOT}/Manifest.lock\" > /dev/null\nif [[ $? != 0 ]] ; then\n    cat << EOM\nerror: The sandbox is not in sync with the Podfile.lock. Run 'pod install' or update your CocoaPods installation.\nEOM\n    exit 1\nfi\n";
			showEnvVarsInLog = 0;
		};
/* End PBXShellScriptBuildPhase section */

/* Begin PBXSourcesBuildPhase section */
		D88CDB90198B4740008DCEFF /* Sources */ = {
			isa = PBXSourcesBuildPhase;
			buildActionMask = 2147483647;
			files = (
				D88CDBA8198B4740008DCEFF /* ZHAppDelegate.m in Sources */,
				D88CDBD5198B49BF008DCEFF /* ZHMasterViewController.m in Sources */,
				D88CDBD1198B4932008DCEFF /* ZHStory.m in Sources */,
				D88CDBDE198B5532008DCEFF /* NSDate+String.m in Sources */,
				D88CDBD8198B49E3008DCEFF /* ZHStoryCell.m in Sources */,
				D89EC4EF198CBFD40015166F /* ZHContent.m in Sources */,
				D88CDBCE198B48B2008DCEFF /* ZHClient.m in Sources */,
				D89EC4EC198CB7C90015166F /* ZHDetailViewController.m in Sources */,
				D88CDBA4198B4740008DCEFF /* main.m in Sources */,
				D89EC4F2198CC61B0015166F /* ZHContentWebView.m in Sources */,
				D88CDBDB198B52FB008DCEFF /* NSString+Date.m in Sources */,
			);
			runOnlyForDeploymentPostprocessing = 0;
		};
		D88CDBB1198B4740008DCEFF /* Sources */ = {
			isa = PBXSourcesBuildPhase;
			buildActionMask = 2147483647;
			files = (
				D88CDBC3198B4740008DCEFF /* ZhihuDailyTests.m in Sources */,
			);
			runOnlyForDeploymentPostprocessing = 0;
		};
/* End PBXSourcesBuildPhase section */

/* Begin PBXTargetDependency section */
		D88CDBBB198B4740008DCEFF /* PBXTargetDependency */ = {
			isa = PBXTargetDependency;
			target = D88CDB93198B4740008DCEFF /* ZhihuDaily */;
			targetProxy = D88CDBBA198B4740008DCEFF /* PBXContainerItemProxy */;
		};
/* End PBXTargetDependency section */

/* Begin PBXVariantGroup section */
		D88CDBA0198B4740008DCEFF /* InfoPlist.strings */ = {
			isa = PBXVariantGroup;
			children = (
				D88CDBE0198B59C9008DCEFF /* zh-Hans */,
			);
			name = InfoPlist.strings;
			sourceTree = "<group>";
		};
		D88CDBA9198B4740008DCEFF /* Main.storyboard */ = {
			isa = PBXVariantGroup;
			children = (
				D88CDBDF198B59C9008DCEFF /* zh-Hans */,
			);
			name = Main.storyboard;
			sourceTree = "<group>";
		};
		D88CDBBF198B4740008DCEFF /* InfoPlist.strings */ = {
			isa = PBXVariantGroup;
			children = (
				D88CDBE1198B59C9008DCEFF /* zh-Hans */,
			);
			name = InfoPlist.strings;
			sourceTree = "<group>";
		};
/* End PBXVariantGroup section */

/* Begin XCBuildConfiguration section */
		D88CDBC4198B4740008DCEFF /* Debug */ = {
			isa = XCBuildConfiguration;
			buildSettings = {
				ALWAYS_SEARCH_USER_PATHS = NO;
				CLANG_CXX_LANGUAGE_STANDARD = "gnu++0x";
				CLANG_CXX_LIBRARY = "libc++";
				CLANG_ENABLE_MODULES = YES;
				CLANG_ENABLE_OBJC_ARC = YES;
				CLANG_WARN_BOOL_CONVERSION = YES;
				CLANG_WARN_CONSTANT_CONVERSION = YES;
				CLANG_WARN_DIRECT_OBJC_ISA_USAGE = YES_ERROR;
				CLANG_WARN_EMPTY_BODY = YES;
				CLANG_WARN_ENUM_CONVERSION = YES;
				CLANG_WARN_INT_CONVERSION = YES;
				CLANG_WARN_OBJC_ROOT_CLASS = YES_ERROR;
				CLANG_WARN__DUPLICATE_METHOD_MATCH = YES;
				"CODE_SIGN_IDENTITY[sdk=iphoneos*]" = "iPhone Developer";
				COPY_PHASE_STRIP = NO;
				GCC_C_LANGUAGE_STANDARD = gnu99;
				GCC_DYNAMIC_NO_PIC = NO;
				GCC_OPTIMIZATION_LEVEL = 0;
				GCC_PREPROCESSOR_DEFINITIONS = (
					"DEBUG=1",
					"$(inherited)",
				);
				GCC_SYMBOLS_PRIVATE_EXTERN = NO;
				GCC_WARN_64_TO_32_BIT_CONVERSION = YES;
				GCC_WARN_ABOUT_RETURN_TYPE = YES_ERROR;
				GCC_WARN_UNDECLARED_SELECTOR = YES;
				GCC_WARN_UNINITIALIZED_AUTOS = YES_AGGRESSIVE;
				GCC_WARN_UNUSED_FUNCTION = YES;
				GCC_WARN_UNUSED_VARIABLE = YES;
				IPHONEOS_DEPLOYMENT_TARGET = 7.0;
				ONLY_ACTIVE_ARCH = YES;
				SDKROOT = iphoneos;
				TARGETED_DEVICE_FAMILY = 2;
			};
			name = Debug;
		};
		D88CDBC5198B4740008DCEFF /* Release */ = {
			isa = XCBuildConfiguration;
			buildSettings = {
				ALWAYS_SEARCH_USER_PATHS = NO;
				CLANG_CXX_LANGUAGE_STANDARD = "gnu++0x";
				CLANG_CXX_LIBRARY = "libc++";
				CLANG_ENABLE_MODULES = YES;
				CLANG_ENABLE_OBJC_ARC = YES;
				CLANG_WARN_BOOL_CONVERSION = YES;
				CLANG_WARN_CONSTANT_CONVERSION = YES;
				CLANG_WARN_DIRECT_OBJC_ISA_USAGE = YES_ERROR;
				CLANG_WARN_EMPTY_BODY = YES;
				CLANG_WARN_ENUM_CONVERSION = YES;
				CLANG_WARN_INT_CONVERSION = YES;
				CLANG_WARN_OBJC_ROOT_CLASS = YES_ERROR;
				CLANG_WARN__DUPLICATE_METHOD_MATCH = YES;
				"CODE_SIGN_IDENTITY[sdk=iphoneos*]" = "iPhone Developer";
				COPY_PHASE_STRIP = YES;
				ENABLE_NS_ASSERTIONS = NO;
				GCC_C_LANGUAGE_STANDARD = gnu99;
				GCC_WARN_64_TO_32_BIT_CONVERSION = YES;
				GCC_WARN_ABOUT_RETURN_TYPE = YES_ERROR;
				GCC_WARN_UNDECLARED_SELECTOR = YES;
				GCC_WARN_UNINITIALIZED_AUTOS = YES_AGGRESSIVE;
				GCC_WARN_UNUSED_FUNCTION = YES;
				GCC_WARN_UNUSED_VARIABLE = YES;
				IPHONEOS_DEPLOYMENT_TARGET = 7.0;
				SDKROOT = iphoneos;
				TARGETED_DEVICE_FAMILY = 2;
				VALIDATE_PRODUCT = YES;
			};
			name = Release;
		};
		D88CDBC7198B4740008DCEFF /* Debug */ = {
			isa = XCBuildConfiguration;
			baseConfigurationReference = A994891ECB494671A5F72DD4 /* Pods.xcconfig */;
			buildSettings = {
				ASSETCATALOG_COMPILER_APPICON_NAME = AppIcon;
				ASSETCATALOG_COMPILER_LAUNCHIMAGE_NAME = LaunchImage;
				CODE_SIGN_IDENTITY = "iPhone Developer";
				"CODE_SIGN_IDENTITY[sdk=iphoneos*]" = "iPhone Developer";
				GCC_PRECOMPILE_PREFIX_HEADER = YES;
				GCC_PREFIX_HEADER = "ZhihuDaily/ZhihuDaily-Prefix.pch";
				INFOPLIST_FILE = "ZhihuDaily/ZhihuDaily-Info.plist";
				PRODUCT_NAME = "$(TARGET_NAME)";
				PROVISIONING_PROFILE = "";
				WRAPPER_EXTENSION = app;
			};
			name = Debug;
		};
		D88CDBC8198B4740008DCEFF /* Release */ = {
			isa = XCBuildConfiguration;
			baseConfigurationReference = A994891ECB494671A5F72DD4 /* Pods.xcconfig */;
			buildSettings = {
				ASSETCATALOG_COMPILER_APPICON_NAME = AppIcon;
				ASSETCATALOG_COMPILER_LAUNCHIMAGE_NAME = LaunchImage;
				CODE_SIGN_IDENTITY = "iPhone Developer";
				"CODE_SIGN_IDENTITY[sdk=iphoneos*]" = "iPhone Developer";
				GCC_PRECOMPILE_PREFIX_HEADER = YES;
				GCC_PREFIX_HEADER = "ZhihuDaily/ZhihuDaily-Prefix.pch";
				INFOPLIST_FILE = "ZhihuDaily/ZhihuDaily-Info.plist";
				PRODUCT_NAME = "$(TARGET_NAME)";
				PROVISIONING_PROFILE = "";
				WRAPPER_EXTENSION = app;
			};
			name = Release;
		};
		D88CDBCA198B4740008DCEFF /* Debug */ = {
			isa = XCBuildConfiguration;
			buildSettings = {
				BUNDLE_LOADER = "$(BUILT_PRODUCTS_DIR)/ZhihuDaily.app/ZhihuDaily";
				FRAMEWORK_SEARCH_PATHS = (
					"$(SDKROOT)/Developer/Library/Frameworks",
					"$(inherited)",
					"$(DEVELOPER_FRAMEWORKS_DIR)",
				);
				GCC_PRECOMPILE_PREFIX_HEADER = YES;
				GCC_PREFIX_HEADER = "ZhihuDaily/ZhihuDaily-Prefix.pch";
				GCC_PREPROCESSOR_DEFINITIONS = (
					"DEBUG=1",
					"$(inherited)",
				);
				INFOPLIST_FILE = "ZhihuDailyTests/ZhihuDailyTests-Info.plist";
				PRODUCT_NAME = "$(TARGET_NAME)";
				TEST_HOST = "$(BUNDLE_LOADER)";
				WRAPPER_EXTENSION = xctest;
			};
			name = Debug;
		};
		D88CDBCB198B4740008DCEFF /* Release */ = {
			isa = XCBuildConfiguration;
			buildSettings = {
				BUNDLE_LOADER = "$(BUILT_PRODUCTS_DIR)/ZhihuDaily.app/ZhihuDaily";
				FRAMEWORK_SEARCH_PATHS = (
					"$(SDKROOT)/Developer/Library/Frameworks",
					"$(inherited)",
					"$(DEVELOPER_FRAMEWORKS_DIR)",
				);
				GCC_PRECOMPILE_PREFIX_HEADER = YES;
				GCC_PREFIX_HEADER = "ZhihuDaily/ZhihuDaily-Prefix.pch";
				INFOPLIST_FILE = "ZhihuDailyTests/ZhihuDailyTests-Info.plist";
				PRODUCT_NAME = "$(TARGET_NAME)";
				TEST_HOST = "$(BUNDLE_LOADER)";
				WRAPPER_EXTENSION = xctest;
			};
			name = Release;
		};
/* End XCBuildConfiguration section */

/* Begin XCConfigurationList section */
		D88CDB8F198B4740008DCEFF /* Build configuration list for PBXProject "ZhihuDaily" */ = {
			isa = XCConfigurationList;
			buildConfigurations = (
				D88CDBC4198B4740008DCEFF /* Debug */,
				D88CDBC5198B4740008DCEFF /* Release */,
			);
			defaultConfigurationIsVisible = 0;
			defaultConfigurationName = Release;
		};
		D88CDBC6198B4740008DCEFF /* Build configuration list for PBXNativeTarget "ZhihuDaily" */ = {
			isa = XCConfigurationList;
			buildConfigurations = (
				D88CDBC7198B4740008DCEFF /* Debug */,
				D88CDBC8198B4740008DCEFF /* Release */,
			);
			defaultConfigurationIsVisible = 0;
			defaultConfigurationName = Release;
		};
		D88CDBC9198B4740008DCEFF /* Build configuration list for PBXNativeTarget "ZhihuDailyTests" */ = {
			isa = XCConfigurationList;
			buildConfigurations = (
				D88CDBCA198B4740008DCEFF /* Debug */,
				D88CDBCB198B4740008DCEFF /* Release */,
			);
			defaultConfigurationIsVisible = 0;
			defaultConfigurationName = Release;
		};
/* End XCConfigurationList section */
	};
	rootObject = D88CDB8C198B4740008DCEFF /* Project object */;
}
