<?xml version="1.0" encoding="UTF-8"?>
<!DOCTYPE plist PUBLIC "-//Apple//DTD PLIST 1.0//EN" "http://www.apple.com/DTDs/PropertyList-1.0.dtd">
<plist version="1.0">
<dict>
	<key>archiveVersion</key>
	<string>1</string>
	<key>classes</key>
	<dict/>
	<key>objectVersion</key>
	<string>46</string>
	<key>objects</key>
	<dict>
		<key>231EC97F1F534915B7CF2B2A</key>
		<dict>
			<key>buildActionMask</key>
			<string>2147483647</string>
			<key>files</key>
			<array/>
			<key>inputPaths</key>
			<array/>
			<key>isa</key>
			<string>PBXShellScriptBuildPhase</string>
			<key>name</key>
			<string>Copy Pods Resources</string>
			<key>outputPaths</key>
			<array/>
			<key>runOnlyForDeploymentPostprocessing</key>
			<string>0</string>
			<key>shellPath</key>
			<string>/bin/sh</string>
			<key>shellScript</key>
			<string>"${SRCROOT}/Pods/Target Support Files/Pods/Pods-resources.sh"
</string>
			<key>showEnvVarsInLog</key>
			<string>0</string>
		</dict>
		<key>2BD7387E0D56370EE6BA1D0C</key>
		<dict>
			<key>includeInIndex</key>
			<string>1</string>
			<key>isa</key>
			<string>PBXFileReference</string>
			<key>lastKnownFileType</key>
			<string>text.xcconfig</string>
			<key>name</key>
			<string>Pods.debug.xcconfig</string>
			<key>path</key>
			<string>Pods/Target Support Files/Pods/Pods.debug.xcconfig</string>
			<key>sourceTree</key>
			<string>&lt;group&gt;</string>
		</dict>
		<key>2F526F6AC36213033304532C</key>
		<dict>
			<key>children</key>
			<array>
				<string>2BD7387E0D56370EE6BA1D0C</string>
				<string>D3B612F1272CD9B9797FFE9E</string>
			</array>
			<key>isa</key>
			<string>PBXGroup</string>
			<key>name</key>
			<string>Pods</string>
			<key>sourceTree</key>
			<string>&lt;group&gt;</string>
		</dict>
		<key>355A495E302343728B835054</key>
		<dict>
			<key>explicitFileType</key>
			<string>archive.ar</string>
			<key>includeInIndex</key>
			<string>0</string>
			<key>isa</key>
			<string>PBXFileReference</string>
			<key>path</key>
			<string>libPods.a</string>
			<key>sourceTree</key>
			<string>BUILT_PRODUCTS_DIR</string>
		</dict>
		<key>688B934AD20943F4AC91C9DC</key>
		<dict>
			<key>fileRef</key>
			<string>355A495E302343728B835054</string>
			<key>isa</key>
			<string>PBXBuildFile</string>
		</dict>
		<key>9679A8AB6CB84A3C83BA0B4C</key>
		<dict>
			<key>buildActionMask</key>
			<string>2147483647</string>
			<key>files</key>
			<array/>
			<key>inputPaths</key>
			<array/>
			<key>isa</key>
			<string>PBXShellScriptBuildPhase</string>
			<key>name</key>
			<string>Check Pods Manifest.lock</string>
			<key>outputPaths</key>
			<array/>
			<key>runOnlyForDeploymentPostprocessing</key>
			<string>0</string>
			<key>shellPath</key>
			<string>/bin/sh</string>
			<key>shellScript</key>
			<string>diff "${PODS_ROOT}/../Podfile.lock" "${PODS_ROOT}/Manifest.lock" &gt; /dev/null
if [[ $? != 0 ]] ; then
    cat &lt;&lt; EOM
error: The sandbox is not in sync with the Podfile.lock. Run 'pod install' or update your CocoaPods installation.
EOM
    exit 1
fi
</string>
			<key>showEnvVarsInLog</key>
			<string>0</string>
		</dict>
		<key>D3B612F1272CD9B9797FFE9E</key>
		<dict>
			<key>includeInIndex</key>
			<string>1</string>
			<key>isa</key>
			<string>PBXFileReference</string>
			<key>lastKnownFileType</key>
			<string>text.xcconfig</string>
			<key>name</key>
			<string>Pods.release.xcconfig</string>
			<key>path</key>
			<string>Pods/Target Support Files/Pods/Pods.release.xcconfig</string>
			<key>sourceTree</key>
			<string>&lt;group&gt;</string>
		</dict>
		<key>D88CDB8B198B4740008DCEFF</key>
		<dict>
			<key>children</key>
			<array>
				<string>D88CDB9D198B4740008DCEFF</string>
				<string>D88CDB96198B4740008DCEFF</string>
				<string>D88CDB95198B4740008DCEFF</string>
				<string>2F526F6AC36213033304532C</string>
			</array>
			<key>isa</key>
			<string>PBXGroup</string>
			<key>sourceTree</key>
			<string>&lt;group&gt;</string>
		</dict>
		<key>D88CDB8C198B4740008DCEFF</key>
		<dict>
			<key>attributes</key>
			<dict>
				<key>CLASSPREFIX</key>
				<string>ZH</string>
				<key>LastUpgradeCheck</key>
				<string>0510</string>
				<key>ORGANIZATIONNAME</key>
				<string>Madimo</string>
				<key>TargetAttributes</key>
				<dict>
					<key>D88CDB93198B4740008DCEFF</key>
					<dict>
						<key>DevelopmentTeam</key>
						<string>GKXU2E4SX7</string>
					</dict>
				</dict>
			</dict>
			<key>buildConfigurationList</key>
			<string>D88CDB8F198B4740008DCEFF</string>
			<key>compatibilityVersion</key>
			<string>Xcode 3.2</string>
			<key>developmentRegion</key>
			<string>English</string>
			<key>hasScannedForEncodings</key>
			<string>0</string>
			<key>isa</key>
			<string>PBXProject</string>
			<key>knownRegions</key>
			<array>
				<string>en</string>
				<string>Base</string>
				<string>zh-Hans</string>
			</array>
			<key>mainGroup</key>
			<string>D88CDB8B198B4740008DCEFF</string>
			<key>productRefGroup</key>
			<string>D88CDB95198B4740008DCEFF</string>
			<key>projectDirPath</key>
			<string></string>
			<key>projectReferences</key>
			<array/>
			<key>projectRoot</key>
			<string></string>
			<key>targets</key>
			<array>
				<string>D88CDB93198B4740008DCEFF</string>
			</array>
		</dict>
		<key>D88CDB8F198B4740008DCEFF</key>
		<dict>
			<key>buildConfigurations</key>
			<array>
				<string>D88CDBC4198B4740008DCEFF</string>
				<string>D88CDBC5198B4740008DCEFF</string>
			</array>
			<key>defaultConfigurationIsVisible</key>
			<string>0</string>
			<key>defaultConfigurationName</key>
			<string>Release</string>
			<key>isa</key>
			<string>XCConfigurationList</string>
		</dict>
		<key>D88CDB90198B4740008DCEFF</key>
		<dict>
			<key>buildActionMask</key>
			<string>2147483647</string>
			<key>files</key>
			<array>
				<string>D88CDBA8198B4740008DCEFF</string>
				<string>D88CDBD5198B49BF008DCEFF</string>
				<string>D8EFE6051991018600B03633</string>
				<string>D88CDBD1198B4932008DCEFF</string>
				<string>D88CDBDE198B5532008DCEFF</string>
				<string>D88CDBD8198B49E3008DCEFF</string>
				<string>D89EC502198D24F60015166F</string>
				<string>D89EC50B198E16090015166F</string>
				<string>D89EC4FF198D24650015166F</string>
				<string>D89EC508198E14D50015166F</string>
				<string>D89EC4EF198CBFD40015166F</string>
				<string>D88CDBCE198B48B2008DCEFF</string>
				<string>D88CDBA4198B4740008DCEFF</string>
				<string>D89EC4F2198CC61B0015166F</string>
				<string>D89EC505198D4D7E0015166F</string>
				<string>D88CDBDB198B52FB008DCEFF</string>
			</array>
			<key>isa</key>
			<string>PBXSourcesBuildPhase</string>
			<key>runOnlyForDeploymentPostprocessing</key>
			<string>0</string>
		</dict>
		<key>D88CDB91198B4740008DCEFF</key>
		<dict>
			<key>buildActionMask</key>
			<string>2147483647</string>
			<key>files</key>
			<array>
				<string>D88CDB9A198B4740008DCEFF</string>
				<string>D88CDB9C198B4740008DCEFF</string>
				<string>D88CDB98198B4740008DCEFF</string>
				<string>688B934AD20943F4AC91C9DC</string>
			</array>
			<key>isa</key>
			<string>PBXFrameworksBuildPhase</string>
			<key>runOnlyForDeploymentPostprocessing</key>
			<string>0</string>
		</dict>
		<key>D88CDB92198B4740008DCEFF</key>
		<dict>
			<key>buildActionMask</key>
			<string>2147483647</string>
			<key>files</key>
			<array>
				<string>D8BC37FD19A64B65005AE8DB</string>
				<string>D88CDBB0198B4740008DCEFF</string>
				<string>D88CDBA2198B4740008DCEFF</string>
				<string>D88CDBAB198B4740008DCEFF</string>
				<string>D89EC4F4198CC6F10015166F</string>
				<string>D89EC4F6198D08490015166F</string>
				<string>D89EC4F9198D0EED0015166F</string>
			</array>
			<key>isa</key>
			<string>PBXResourcesBuildPhase</string>
			<key>runOnlyForDeploymentPostprocessing</key>
			<string>0</string>
		</dict>
		<key>D88CDB93198B4740008DCEFF</key>
		<dict>
			<key>buildConfigurationList</key>
			<string>D88CDBC6198B4740008DCEFF</string>
			<key>buildPhases</key>
			<array>
				<string>9679A8AB6CB84A3C83BA0B4C</string>
				<string>D88CDB90198B4740008DCEFF</string>
				<string>D88CDB91198B4740008DCEFF</string>
				<string>D88CDB92198B4740008DCEFF</string>
				<string>231EC97F1F534915B7CF2B2A</string>
			</array>
			<key>buildRules</key>
			<array/>
			<key>dependencies</key>
			<array/>
			<key>isa</key>
			<string>PBXNativeTarget</string>
			<key>name</key>
			<string>ZhihuDaily</string>
			<key>productName</key>
			<string>ZhihuDaily</string>
			<key>productReference</key>
			<string>D88CDB94198B4740008DCEFF</string>
			<key>productType</key>
			<string>com.apple.product-type.application</string>
		</dict>
		<key>D88CDB94198B4740008DCEFF</key>
		<dict>
			<key>explicitFileType</key>
			<string>wrapper.application</string>
			<key>includeInIndex</key>
			<string>0</string>
			<key>isa</key>
			<string>PBXFileReference</string>
			<key>path</key>
			<string>ZhihuDaily.app</string>
			<key>sourceTree</key>
			<string>BUILT_PRODUCTS_DIR</string>
		</dict>
		<key>D88CDB95198B4740008DCEFF</key>
		<dict>
			<key>children</key>
			<array>
				<string>D88CDB94198B4740008DCEFF</string>
			</array>
			<key>isa</key>
			<string>PBXGroup</string>
			<key>name</key>
			<string>Products</string>
			<key>sourceTree</key>
			<string>&lt;group&gt;</string>
		</dict>
		<key>D88CDB96198B4740008DCEFF</key>
		<dict>
			<key>children</key>
			<array>
				<string>D88CDB97198B4740008DCEFF</string>
				<string>D88CDB99198B4740008DCEFF</string>
				<string>D88CDB9B198B4740008DCEFF</string>
				<string>D88CDBB6198B4740008DCEFF</string>
				<string>355A495E302343728B835054</string>
			</array>
			<key>isa</key>
			<string>PBXGroup</string>
			<key>name</key>
			<string>Frameworks</string>
			<key>sourceTree</key>
			<string>&lt;group&gt;</string>
		</dict>
		<key>D88CDB97198B4740008DCEFF</key>
		<dict>
			<key>isa</key>
			<string>PBXFileReference</string>
			<key>lastKnownFileType</key>
			<string>wrapper.framework</string>
			<key>name</key>
			<string>Foundation.framework</string>
			<key>path</key>
			<string>System/Library/Frameworks/Foundation.framework</string>
			<key>sourceTree</key>
			<string>SDKROOT</string>
		</dict>
		<key>D88CDB98198B4740008DCEFF</key>
		<dict>
			<key>fileRef</key>
			<string>D88CDB97198B4740008DCEFF</string>
			<key>isa</key>
			<string>PBXBuildFile</string>
		</dict>
		<key>D88CDB99198B4740008DCEFF</key>
		<dict>
			<key>isa</key>
			<string>PBXFileReference</string>
			<key>lastKnownFileType</key>
			<string>wrapper.framework</string>
			<key>name</key>
			<string>CoreGraphics.framework</string>
			<key>path</key>
			<string>System/Library/Frameworks/CoreGraphics.framework</string>
			<key>sourceTree</key>
			<string>SDKROOT</string>
		</dict>
		<key>D88CDB9A198B4740008DCEFF</key>
		<dict>
			<key>fileRef</key>
			<string>D88CDB99198B4740008DCEFF</string>
			<key>isa</key>
			<string>PBXBuildFile</string>
		</dict>
		<key>D88CDB9B198B4740008DCEFF</key>
		<dict>
			<key>isa</key>
			<string>PBXFileReference</string>
			<key>lastKnownFileType</key>
			<string>wrapper.framework</string>
			<key>name</key>
			<string>UIKit.framework</string>
			<key>path</key>
			<string>System/Library/Frameworks/UIKit.framework</string>
			<key>sourceTree</key>
			<string>SDKROOT</string>
		</dict>
		<key>D88CDB9C198B4740008DCEFF</key>
		<dict>
			<key>fileRef</key>
			<string>D88CDB9B198B4740008DCEFF</string>
			<key>isa</key>
			<string>PBXBuildFile</string>
		</dict>
		<key>D88CDB9D198B4740008DCEFF</key>
		<dict>
			<key>children</key>
			<array>
				<string>D8CE959219A11C74001E02A1</string>
				<string>D898C947199140310052A555</string>
				<string>D89EC4FB198D21150015166F</string>
				<string>D88CDBE2198B5BA5008DCEFF</string>
				<string>D88CDBD2198B4959008DCEFF</string>
				<string>D89EC4FA198D20F80015166F</string>
				<string>D89EC4FC198D212A0015166F</string>
				<string>D88CDBA9198B4740008DCEFF</string>
				<string>D88CDBA6198B4740008DCEFF</string>
				<string>D88CDBA7198B4740008DCEFF</string>
				<string>D88CDBAF198B4740008DCEFF</string>
				<string>D88CDB9E198B4740008DCEFF</string>
			</array>
			<key>isa</key>
			<string>PBXGroup</string>
			<key>path</key>
			<string>ZhihuDaily</string>
			<key>sourceTree</key>
			<string>&lt;group&gt;</string>
		</dict>
		<key>D88CDB9E198B4740008DCEFF</key>
		<dict>
			<key>children</key>
			<array>
				<string>D88CDB9F198B4740008DCEFF</string>
				<string>D88CDBA0198B4740008DCEFF</string>
				<string>D88CDBA3198B4740008DCEFF</string>
				<string>D88CDBA5198B4740008DCEFF</string>
			</array>
			<key>isa</key>
			<string>PBXGroup</string>
			<key>name</key>
			<string>Supporting Files</string>
			<key>sourceTree</key>
			<string>&lt;group&gt;</string>
		</dict>
		<key>D88CDB9F198B4740008DCEFF</key>
		<dict>
			<key>isa</key>
			<string>PBXFileReference</string>
			<key>lastKnownFileType</key>
			<string>text.plist.xml</string>
			<key>path</key>
			<string>ZhihuDaily-Info.plist</string>
			<key>sourceTree</key>
			<string>&lt;group&gt;</string>
		</dict>
		<key>D88CDBA0198B4740008DCEFF</key>
		<dict>
			<key>children</key>
			<array>
				<string>D88CDBE0198B59C9008DCEFF</string>
			</array>
			<key>isa</key>
			<string>PBXVariantGroup</string>
			<key>name</key>
			<string>InfoPlist.strings</string>
			<key>sourceTree</key>
			<string>&lt;group&gt;</string>
		</dict>
		<key>D88CDBA2198B4740008DCEFF</key>
		<dict>
			<key>fileRef</key>
			<string>D88CDBA0198B4740008DCEFF</string>
			<key>isa</key>
			<string>PBXBuildFile</string>
		</dict>
		<key>D88CDBA3198B4740008DCEFF</key>
		<dict>
			<key>isa</key>
			<string>PBXFileReference</string>
			<key>lastKnownFileType</key>
			<string>sourcecode.c.objc</string>
			<key>path</key>
			<string>main.m</string>
			<key>sourceTree</key>
			<string>&lt;group&gt;</string>
		</dict>
		<key>D88CDBA4198B4740008DCEFF</key>
		<dict>
			<key>fileRef</key>
			<string>D88CDBA3198B4740008DCEFF</string>
			<key>isa</key>
			<string>PBXBuildFile</string>
		</dict>
		<key>D88CDBA5198B4740008DCEFF</key>
		<dict>
			<key>isa</key>
			<string>PBXFileReference</string>
			<key>lastKnownFileType</key>
			<string>sourcecode.c.h</string>
			<key>path</key>
			<string>ZhihuDaily-Prefix.pch</string>
			<key>sourceTree</key>
			<string>&lt;group&gt;</string>
		</dict>
		<key>D88CDBA6198B4740008DCEFF</key>
		<dict>
			<key>isa</key>
			<string>PBXFileReference</string>
			<key>lastKnownFileType</key>
			<string>sourcecode.c.h</string>
			<key>path</key>
			<string>ZHAppDelegate.h</string>
			<key>sourceTree</key>
			<string>&lt;group&gt;</string>
		</dict>
		<key>D88CDBA7198B4740008DCEFF</key>
		<dict>
			<key>isa</key>
			<string>PBXFileReference</string>
			<key>lastKnownFileType</key>
			<string>sourcecode.c.objc</string>
			<key>path</key>
			<string>ZHAppDelegate.m</string>
			<key>sourceTree</key>
			<string>&lt;group&gt;</string>
		</dict>
		<key>D88CDBA8198B4740008DCEFF</key>
		<dict>
			<key>fileRef</key>
			<string>D88CDBA7198B4740008DCEFF</string>
			<key>isa</key>
			<string>PBXBuildFile</string>
		</dict>
		<key>D88CDBA9198B4740008DCEFF</key>
		<dict>
			<key>children</key>
			<array>
				<string>D88CDBDF198B59C9008DCEFF</string>
			</array>
			<key>isa</key>
			<string>PBXVariantGroup</string>
			<key>name</key>
			<string>Main.storyboard</string>
			<key>sourceTree</key>
			<string>&lt;group&gt;</string>
		</dict>
		<key>D88CDBAB198B4740008DCEFF</key>
		<dict>
			<key>fileRef</key>
			<string>D88CDBA9198B4740008DCEFF</string>
			<key>isa</key>
			<string>PBXBuildFile</string>
		</dict>
		<key>D88CDBAF198B4740008DCEFF</key>
		<dict>
			<key>isa</key>
			<string>PBXFileReference</string>
			<key>lastKnownFileType</key>
			<string>folder.assetcatalog</string>
			<key>path</key>
			<string>Images.xcassets</string>
			<key>sourceTree</key>
			<string>&lt;group&gt;</string>
		</dict>
		<key>D88CDBB0198B4740008DCEFF</key>
		<dict>
			<key>fileRef</key>
			<string>D88CDBAF198B4740008DCEFF</string>
			<key>isa</key>
			<string>PBXBuildFile</string>
		</dict>
		<key>D88CDBB6198B4740008DCEFF</key>
		<dict>
			<key>isa</key>
			<string>PBXFileReference</string>
			<key>lastKnownFileType</key>
			<string>wrapper.framework</string>
			<key>name</key>
			<string>XCTest.framework</string>
			<key>path</key>
			<string>Library/Frameworks/XCTest.framework</string>
			<key>sourceTree</key>
			<string>DEVELOPER_DIR</string>
		</dict>
		<key>D88CDBC4198B4740008DCEFF</key>
		<dict>
			<key>buildSettings</key>
			<dict>
				<key>ALWAYS_SEARCH_USER_PATHS</key>
				<string>NO</string>
				<key>CLANG_CXX_LANGUAGE_STANDARD</key>
				<string>gnu++0x</string>
				<key>CLANG_CXX_LIBRARY</key>
				<string>libc++</string>
				<key>CLANG_ENABLE_MODULES</key>
				<string>YES</string>
				<key>CLANG_ENABLE_OBJC_ARC</key>
				<string>YES</string>
				<key>CLANG_WARN_BOOL_CONVERSION</key>
				<string>YES</string>
				<key>CLANG_WARN_CONSTANT_CONVERSION</key>
				<string>YES</string>
				<key>CLANG_WARN_DIRECT_OBJC_ISA_USAGE</key>
				<string>YES_ERROR</string>
				<key>CLANG_WARN_EMPTY_BODY</key>
				<string>YES</string>
				<key>CLANG_WARN_ENUM_CONVERSION</key>
				<string>YES</string>
				<key>CLANG_WARN_INT_CONVERSION</key>
				<string>YES</string>
				<key>CLANG_WARN_OBJC_ROOT_CLASS</key>
				<string>YES_ERROR</string>
				<key>CLANG_WARN__DUPLICATE_METHOD_MATCH</key>
				<string>YES</string>
				<key>CODE_SIGN_IDENTITY[sdk=iphoneos*]</key>
				<string>iPhone Developer</string>
				<key>COPY_PHASE_STRIP</key>
				<string>NO</string>
				<key>GCC_C_LANGUAGE_STANDARD</key>
				<string>gnu99</string>
				<key>GCC_DYNAMIC_NO_PIC</key>
				<string>NO</string>
				<key>GCC_OPTIMIZATION_LEVEL</key>
				<string>0</string>
				<key>GCC_PREPROCESSOR_DEFINITIONS</key>
				<array>
					<string>DEBUG=1</string>
					<string>$(inherited)</string>
				</array>
				<key>GCC_SYMBOLS_PRIVATE_EXTERN</key>
				<string>NO</string>
				<key>GCC_WARN_64_TO_32_BIT_CONVERSION</key>
				<string>YES</string>
				<key>GCC_WARN_ABOUT_RETURN_TYPE</key>
				<string>YES_ERROR</string>
				<key>GCC_WARN_UNDECLARED_SELECTOR</key>
				<string>YES</string>
				<key>GCC_WARN_UNINITIALIZED_AUTOS</key>
				<string>YES_AGGRESSIVE</string>
				<key>GCC_WARN_UNUSED_FUNCTION</key>
				<string>YES</string>
				<key>GCC_WARN_UNUSED_VARIABLE</key>
				<string>YES</string>
				<key>IPHONEOS_DEPLOYMENT_TARGET</key>
				<string>7.0</string>
				<key>ONLY_ACTIVE_ARCH</key>
				<string>YES</string>
				<key>SDKROOT</key>
				<string>iphoneos</string>
				<key>TARGETED_DEVICE_FAMILY</key>
				<string>2</string>
			</dict>
			<key>isa</key>
			<string>XCBuildConfiguration</string>
			<key>name</key>
			<string>Debug</string>
		</dict>
		<key>D88CDBC5198B4740008DCEFF</key>
		<dict>
			<key>buildSettings</key>
			<dict>
				<key>ALWAYS_SEARCH_USER_PATHS</key>
				<string>NO</string>
				<key>CLANG_CXX_LANGUAGE_STANDARD</key>
				<string>gnu++0x</string>
				<key>CLANG_CXX_LIBRARY</key>
				<string>libc++</string>
				<key>CLANG_ENABLE_MODULES</key>
				<string>YES</string>
				<key>CLANG_ENABLE_OBJC_ARC</key>
				<string>YES</string>
				<key>CLANG_WARN_BOOL_CONVERSION</key>
				<string>YES</string>
				<key>CLANG_WARN_CONSTANT_CONVERSION</key>
				<string>YES</string>
				<key>CLANG_WARN_DIRECT_OBJC_ISA_USAGE</key>
				<string>YES_ERROR</string>
				<key>CLANG_WARN_EMPTY_BODY</key>
				<string>YES</string>
				<key>CLANG_WARN_ENUM_CONVERSION</key>
				<string>YES</string>
				<key>CLANG_WARN_INT_CONVERSION</key>
				<string>YES</string>
				<key>CLANG_WARN_OBJC_ROOT_CLASS</key>
				<string>YES_ERROR</string>
				<key>CLANG_WARN__DUPLICATE_METHOD_MATCH</key>
				<string>YES</string>
				<key>CODE_SIGN_IDENTITY[sdk=iphoneos*]</key>
				<string>iPhone Developer</string>
				<key>COPY_PHASE_STRIP</key>
				<string>YES</string>
				<key>ENABLE_NS_ASSERTIONS</key>
				<string>NO</string>
				<key>GCC_C_LANGUAGE_STANDARD</key>
				<string>gnu99</string>
				<key>GCC_WARN_64_TO_32_BIT_CONVERSION</key>
				<string>YES</string>
				<key>GCC_WARN_ABOUT_RETURN_TYPE</key>
				<string>YES_ERROR</string>
				<key>GCC_WARN_UNDECLARED_SELECTOR</key>
				<string>YES</string>
				<key>GCC_WARN_UNINITIALIZED_AUTOS</key>
				<string>YES_AGGRESSIVE</string>
				<key>GCC_WARN_UNUSED_FUNCTION</key>
				<string>YES</string>
				<key>GCC_WARN_UNUSED_VARIABLE</key>
				<string>YES</string>
				<key>IPHONEOS_DEPLOYMENT_TARGET</key>
				<string>7.0</string>
				<key>SDKROOT</key>
				<string>iphoneos</string>
				<key>TARGETED_DEVICE_FAMILY</key>
				<string>2</string>
				<key>VALIDATE_PRODUCT</key>
				<string>YES</string>
			</dict>
			<key>isa</key>
			<string>XCBuildConfiguration</string>
			<key>name</key>
			<string>Release</string>
		</dict>
		<key>D88CDBC6198B4740008DCEFF</key>
		<dict>
			<key>buildConfigurations</key>
			<array>
				<string>D88CDBC7198B4740008DCEFF</string>
				<string>D88CDBC8198B4740008DCEFF</string>
			</array>
			<key>defaultConfigurationIsVisible</key>
			<string>0</string>
			<key>defaultConfigurationName</key>
			<string>Release</string>
			<key>isa</key>
			<string>XCConfigurationList</string>
		</dict>
		<key>D88CDBC7198B4740008DCEFF</key>
		<dict>
			<key>baseConfigurationReference</key>
			<string>2BD7387E0D56370EE6BA1D0C</string>
			<key>buildSettings</key>
			<dict>
				<key>ASSETCATALOG_COMPILER_APPICON_NAME</key>
				<string>AppIcon</string>
				<key>ASSETCATALOG_COMPILER_LAUNCHIMAGE_NAME</key>
				<string>LaunchImage</string>
				<key>CODE_SIGN_IDENTITY</key>
				<string>iPhone Developer</string>
				<key>CODE_SIGN_IDENTITY[sdk=iphoneos*]</key>
				<string>iPhone Developer</string>
				<key>GCC_PRECOMPILE_PREFIX_HEADER</key>
				<string>YES</string>
				<key>GCC_PREFIX_HEADER</key>
				<string>ZhihuDaily/ZhihuDaily-Prefix.pch</string>
				<key>INFOPLIST_FILE</key>
				<string>ZhihuDaily/ZhihuDaily-Info.plist</string>
				<key>PRODUCT_NAME</key>
				<string>$(TARGET_NAME)</string>
				<key>PROVISIONING_PROFILE</key>
				<string></string>
				<key>WRAPPER_EXTENSION</key>
				<string>app</string>
			</dict>
			<key>isa</key>
			<string>XCBuildConfiguration</string>
			<key>name</key>
			<string>Debug</string>
		</dict>
		<key>D88CDBC8198B4740008DCEFF</key>
		<dict>
			<key>baseConfigurationReference</key>
			<string>D3B612F1272CD9B9797FFE9E</string>
			<key>buildSettings</key>
			<dict>
				<key>ASSETCATALOG_COMPILER_APPICON_NAME</key>
				<string>AppIcon</string>
				<key>ASSETCATALOG_COMPILER_LAUNCHIMAGE_NAME</key>
				<string>LaunchImage</string>
				<key>CODE_SIGN_IDENTITY</key>
				<string>iPhone Developer</string>
				<key>CODE_SIGN_IDENTITY[sdk=iphoneos*]</key>
				<string>iPhone Developer</string>
				<key>GCC_PRECOMPILE_PREFIX_HEADER</key>
				<string>YES</string>
				<key>GCC_PREFIX_HEADER</key>
				<string>ZhihuDaily/ZhihuDaily-Prefix.pch</string>
				<key>INFOPLIST_FILE</key>
				<string>ZhihuDaily/ZhihuDaily-Info.plist</string>
				<key>PRODUCT_NAME</key>
				<string>$(TARGET_NAME)</string>
				<key>PROVISIONING_PROFILE</key>
				<string></string>
				<key>WRAPPER_EXTENSION</key>
				<string>app</string>
			</dict>
			<key>isa</key>
			<string>XCBuildConfiguration</string>
			<key>name</key>
			<string>Release</string>
		</dict>
		<key>D88CDBCC198B48B2008DCEFF</key>
		<dict>
			<key>fileEncoding</key>
			<string>4</string>
			<key>isa</key>
			<string>PBXFileReference</string>
			<key>lastKnownFileType</key>
			<string>sourcecode.c.h</string>
			<key>path</key>
			<string>ZHClient.h</string>
			<key>sourceTree</key>
			<string>&lt;group&gt;</string>
		</dict>
		<key>D88CDBCD198B48B2008DCEFF</key>
		<dict>
			<key>fileEncoding</key>
			<string>4</string>
			<key>isa</key>
			<string>PBXFileReference</string>
			<key>lastKnownFileType</key>
			<string>sourcecode.c.objc</string>
			<key>path</key>
			<string>ZHClient.m</string>
			<key>sourceTree</key>
			<string>&lt;group&gt;</string>
		</dict>
		<key>D88CDBCE198B48B2008DCEFF</key>
		<dict>
			<key>fileRef</key>
			<string>D88CDBCD198B48B2008DCEFF</string>
			<key>isa</key>
			<string>PBXBuildFile</string>
		</dict>
		<key>D88CDBCF198B4932008DCEFF</key>
		<dict>
			<key>fileEncoding</key>
			<string>4</string>
			<key>isa</key>
			<string>PBXFileReference</string>
			<key>lastKnownFileType</key>
			<string>sourcecode.c.h</string>
			<key>path</key>
			<string>ZHStory.h</string>
			<key>sourceTree</key>
			<string>&lt;group&gt;</string>
		</dict>
		<key>D88CDBD0198B4932008DCEFF</key>
		<dict>
			<key>fileEncoding</key>
			<string>4</string>
			<key>isa</key>
			<string>PBXFileReference</string>
			<key>lastKnownFileType</key>
			<string>sourcecode.c.objc</string>
			<key>path</key>
			<string>ZHStory.m</string>
			<key>sourceTree</key>
			<string>&lt;group&gt;</string>
		</dict>
		<key>D88CDBD1198B4932008DCEFF</key>
		<dict>
			<key>fileRef</key>
			<string>D88CDBD0198B4932008DCEFF</string>
			<key>isa</key>
			<string>PBXBuildFile</string>
		</dict>
		<key>D88CDBD2198B4959008DCEFF</key>
		<dict>
			<key>children</key>
			<array>
				<string>D88CDBCF198B4932008DCEFF</string>
				<string>D88CDBD0198B4932008DCEFF</string>
				<string>D89EC4ED198CBFD40015166F</string>
				<string>D89EC4EE198CBFD40015166F</string>
				<string>D8EFE6031991018600B03633</string>
				<string>D8EFE6041991018600B03633</string>
			</array>
			<key>isa</key>
			<string>PBXGroup</string>
			<key>name</key>
			<string>Models</string>
			<key>sourceTree</key>
			<string>&lt;group&gt;</string>
		</dict>
		<key>D88CDBD3198B49BF008DCEFF</key>
		<dict>
			<key>fileEncoding</key>
			<string>4</string>
			<key>isa</key>
			<string>PBXFileReference</string>
			<key>lastKnownFileType</key>
			<string>sourcecode.c.h</string>
			<key>path</key>
			<string>ZHMasterViewController.h</string>
			<key>sourceTree</key>
			<string>&lt;group&gt;</string>
		</dict>
		<key>D88CDBD4198B49BF008DCEFF</key>
		<dict>
			<key>fileEncoding</key>
			<string>4</string>
			<key>isa</key>
			<string>PBXFileReference</string>
			<key>lastKnownFileType</key>
			<string>sourcecode.c.objc</string>
			<key>path</key>
			<string>ZHMasterViewController.m</string>
			<key>sourceTree</key>
			<string>&lt;group&gt;</string>
		</dict>
		<key>D88CDBD5198B49BF008DCEFF</key>
		<dict>
			<key>fileRef</key>
			<string>D88CDBD4198B49BF008DCEFF</string>
			<key>isa</key>
			<string>PBXBuildFile</string>
		</dict>
		<key>D88CDBD6198B49E3008DCEFF</key>
		<dict>
			<key>fileEncoding</key>
			<string>4</string>
			<key>isa</key>
			<string>PBXFileReference</string>
			<key>lastKnownFileType</key>
			<string>sourcecode.c.h</string>
			<key>path</key>
			<string>ZHStoryCell.h</string>
			<key>sourceTree</key>
			<string>&lt;group&gt;</string>
		</dict>
		<key>D88CDBD7198B49E3008DCEFF</key>
		<dict>
			<key>fileEncoding</key>
			<string>4</string>
			<key>isa</key>
			<string>PBXFileReference</string>
			<key>lastKnownFileType</key>
			<string>sourcecode.c.objc</string>
			<key>path</key>
			<string>ZHStoryCell.m</string>
			<key>sourceTree</key>
			<string>&lt;group&gt;</string>
		</dict>
		<key>D88CDBD8198B49E3008DCEFF</key>
		<dict>
			<key>fileRef</key>
			<string>D88CDBD7198B49E3008DCEFF</string>
			<key>isa</key>
			<string>PBXBuildFile</string>
		</dict>
		<key>D88CDBD9198B52FB008DCEFF</key>
		<dict>
			<key>fileEncoding</key>
			<string>4</string>
			<key>isa</key>
			<string>PBXFileReference</string>
			<key>lastKnownFileType</key>
			<string>sourcecode.c.h</string>
			<key>path</key>
			<string>NSString+Date.h</string>
			<key>sourceTree</key>
			<string>&lt;group&gt;</string>
		</dict>
		<key>D88CDBDA198B52FB008DCEFF</key>
		<dict>
			<key>fileEncoding</key>
			<string>4</string>
			<key>isa</key>
			<string>PBXFileReference</string>
			<key>lastKnownFileType</key>
			<string>sourcecode.c.objc</string>
			<key>path</key>
			<string>NSString+Date.m</string>
			<key>sourceTree</key>
			<string>&lt;group&gt;</string>
		</dict>
		<key>D88CDBDB198B52FB008DCEFF</key>
		<dict>
			<key>fileRef</key>
			<string>D88CDBDA198B52FB008DCEFF</string>
			<key>isa</key>
			<string>PBXBuildFile</string>
		</dict>
		<key>D88CDBDC198B5532008DCEFF</key>
		<dict>
			<key>fileEncoding</key>
			<string>4</string>
			<key>isa</key>
			<string>PBXFileReference</string>
			<key>lastKnownFileType</key>
			<string>sourcecode.c.h</string>
			<key>path</key>
			<string>NSDate+String.h</string>
			<key>sourceTree</key>
			<string>&lt;group&gt;</string>
		</dict>
		<key>D88CDBDD198B5532008DCEFF</key>
		<dict>
			<key>fileEncoding</key>
			<string>4</string>
			<key>isa</key>
			<string>PBXFileReference</string>
			<key>lastKnownFileType</key>
			<string>sourcecode.c.objc</string>
			<key>path</key>
			<string>NSDate+String.m</string>
			<key>sourceTree</key>
			<string>&lt;group&gt;</string>
		</dict>
		<key>D88CDBDE198B5532008DCEFF</key>
		<dict>
			<key>fileRef</key>
			<string>D88CDBDD198B5532008DCEFF</string>
			<key>isa</key>
			<string>PBXBuildFile</string>
		</dict>
		<key>D88CDBDF198B59C9008DCEFF</key>
		<dict>
			<key>isa</key>
			<string>PBXFileReference</string>
			<key>lastKnownFileType</key>
			<string>file.storyboard</string>
			<key>name</key>
			<string>zh-Hans</string>
			<key>path</key>
			<string>zh-Hans.lproj/Main.storyboard</string>
			<key>sourceTree</key>
			<string>&lt;group&gt;</string>
		</dict>
		<key>D88CDBE0198B59C9008DCEFF</key>
		<dict>
			<key>isa</key>
			<string>PBXFileReference</string>
			<key>lastKnownFileType</key>
			<string>text.plist.strings</string>
			<key>name</key>
			<string>zh-Hans</string>
			<key>path</key>
			<string>zh-Hans.lproj/InfoPlist.strings</string>
			<key>sourceTree</key>
			<string>&lt;group&gt;</string>
		</dict>
		<key>D88CDBE2198B5BA5008DCEFF</key>
		<dict>
			<key>children</key>
			<array>
				<string>D88CDBDC198B5532008DCEFF</string>
				<string>D88CDBDD198B5532008DCEFF</string>
				<string>D88CDBD9198B52FB008DCEFF</string>
				<string>D88CDBDA198B52FB008DCEFF</string>
			</array>
			<key>isa</key>
			<string>PBXGroup</string>
			<key>name</key>
			<string>Categories</string>
			<key>sourceTree</key>
			<string>&lt;group&gt;</string>
		</dict>
		<key>D898C947199140310052A555</key>
		<dict>
			<key>children</key>
			<array>
				<string>D89EC509198E16090015166F</string>
				<string>D89EC50A198E16090015166F</string>
			</array>
			<key>isa</key>
			<string>PBXGroup</string>
			<key>name</key>
			<string>Applications</string>
			<key>sourceTree</key>
			<string>&lt;group&gt;</string>
		</dict>
		<key>D89EC4ED198CBFD40015166F</key>
		<dict>
			<key>fileEncoding</key>
			<string>4</string>
			<key>isa</key>
			<string>PBXFileReference</string>
			<key>lastKnownFileType</key>
			<string>sourcecode.c.h</string>
			<key>path</key>
			<string>ZHContent.h</string>
			<key>sourceTree</key>
			<string>&lt;group&gt;</string>
		</dict>
		<key>D89EC4EE198CBFD40015166F</key>
		<dict>
			<key>fileEncoding</key>
			<string>4</string>
			<key>isa</key>
			<string>PBXFileReference</string>
			<key>lastKnownFileType</key>
			<string>sourcecode.c.objc</string>
			<key>path</key>
			<string>ZHContent.m</string>
			<key>sourceTree</key>
			<string>&lt;group&gt;</string>
		</dict>
		<key>D89EC4EF198CBFD40015166F</key>
		<dict>
			<key>fileRef</key>
			<string>D89EC4EE198CBFD40015166F</string>
			<key>isa</key>
			<string>PBXBuildFile</string>
		</dict>
		<key>D89EC4F0198CC61B0015166F</key>
		<dict>
			<key>fileEncoding</key>
			<string>4</string>
			<key>isa</key>
			<string>PBXFileReference</string>
			<key>lastKnownFileType</key>
			<string>sourcecode.c.h</string>
			<key>path</key>
			<string>ZHContentWebView.h</string>
			<key>sourceTree</key>
			<string>&lt;group&gt;</string>
		</dict>
		<key>D89EC4F1198CC61B0015166F</key>
		<dict>
			<key>fileEncoding</key>
			<string>4</string>
			<key>isa</key>
			<string>PBXFileReference</string>
			<key>lastKnownFileType</key>
			<string>sourcecode.c.objc</string>
			<key>path</key>
			<string>ZHContentWebView.m</string>
			<key>sourceTree</key>
			<string>&lt;group&gt;</string>
		</dict>
		<key>D89EC4F2198CC61B0015166F</key>
		<dict>
			<key>fileRef</key>
			<string>D89EC4F1198CC61B0015166F</string>
			<key>isa</key>
			<string>PBXBuildFile</string>
		</dict>
		<key>D89EC4F3198CC6F10015166F</key>
		<dict>
			<key>fileEncoding</key>
			<string>4</string>
			<key>isa</key>
			<string>PBXFileReference</string>
			<key>lastKnownFileType</key>
			<string>text.html</string>
			<key>path</key>
			<string>ContentHTML.html</string>
			<key>sourceTree</key>
			<string>&lt;group&gt;</string>
		</dict>
		<key>D89EC4F4198CC6F10015166F</key>
		<dict>
			<key>fileRef</key>
			<string>D89EC4F3198CC6F10015166F</string>
			<key>isa</key>
			<string>PBXBuildFile</string>
		</dict>
		<key>D89EC4F5198D08490015166F</key>
		<dict>
			<key>fileEncoding</key>
			<string>4</string>
			<key>isa</key>
			<string>PBXFileReference</string>
			<key>lastKnownFileType</key>
			<string>text.css</string>
			<key>path</key>
			<string>ContentStyle.css</string>
			<key>sourceTree</key>
			<string>&lt;group&gt;</string>
		</dict>
		<key>D89EC4F6198D08490015166F</key>
		<dict>
			<key>fileRef</key>
			<string>D89EC4F5198D08490015166F</string>
			<key>isa</key>
			<string>PBXBuildFile</string>
		</dict>
		<key>D89EC4F7198D0DA30015166F</key>
		<dict>
			<key>fileEncoding</key>
			<string>4</string>
			<key>isa</key>
			<string>PBXFileReference</string>
			<key>lastKnownFileType</key>
			<string>sourcecode.javascript</string>
			<key>path</key>
			<string>ContentScript.js</string>
			<key>sourceTree</key>
			<string>&lt;group&gt;</string>
		</dict>
		<key>D89EC4F9198D0EED0015166F</key>
		<dict>
			<key>fileRef</key>
			<string>D89EC4F7198D0DA30015166F</string>
			<key>isa</key>
			<string>PBXBuildFile</string>
		</dict>
		<key>D89EC4FA198D20F80015166F</key>
		<dict>
			<key>children</key>
			<array>
				<string>D89EC4F0198CC61B0015166F</string>
				<string>D89EC4F1198CC61B0015166F</string>
				<string>D89EC4FD198D24650015166F</string>
				<string>D89EC4FE198D24650015166F</string>
				<string>D88CDBD6198B49E3008DCEFF</string>
				<string>D88CDBD7198B49E3008DCEFF</string>
			</array>
			<key>isa</key>
			<string>PBXGroup</string>
			<key>name</key>
			<string>Views</string>
			<key>sourceTree</key>
			<string>&lt;group&gt;</string>
		</dict>
		<key>D89EC4FB198D21150015166F</key>
		<dict>
			<key>children</key>
			<array>
				<string>D88CDBCC198B48B2008DCEFF</string>
				<string>D88CDBCD198B48B2008DCEFF</string>
			</array>
			<key>isa</key>
			<string>PBXGroup</string>
			<key>name</key>
			<string>Libraries</string>
			<key>sourceTree</key>
			<string>&lt;group&gt;</string>
		</dict>
		<key>D89EC4FC198D212A0015166F</key>
		<dict>
			<key>children</key>
			<array>
				<string>D88CDBD3198B49BF008DCEFF</string>
				<string>D88CDBD4198B49BF008DCEFF</string>
				<string>D89EC503198D4D7E0015166F</string>
				<string>D89EC504198D4D7E0015166F</string>
				<string>D89EC506198E14D50015166F</string>
				<string>D89EC507198E14D50015166F</string>
				<string>D89EC500198D24F60015166F</string>
				<string>D89EC501198D24F60015166F</string>
			</array>
			<key>isa</key>
			<string>PBXGroup</string>
			<key>name</key>
			<string>Controllers</string>
			<key>sourceTree</key>
			<string>&lt;group&gt;</string>
		</dict>
		<key>D89EC4FD198D24650015166F</key>
		<dict>
			<key>fileEncoding</key>
			<string>4</string>
			<key>isa</key>
			<string>PBXFileReference</string>
			<key>lastKnownFileType</key>
			<string>sourcecode.c.h</string>
			<key>path</key>
			<string>ZHWebView.h</string>
			<key>sourceTree</key>
			<string>&lt;group&gt;</string>
		</dict>
		<key>D89EC4FE198D24650015166F</key>
		<dict>
			<key>fileEncoding</key>
			<string>4</string>
			<key>isa</key>
			<string>PBXFileReference</string>
			<key>lastKnownFileType</key>
			<string>sourcecode.c.objc</string>
			<key>path</key>
			<string>ZHWebView.m</string>
			<key>sourceTree</key>
			<string>&lt;group&gt;</string>
		</dict>
		<key>D89EC4FF198D24650015166F</key>
		<dict>
			<key>fileRef</key>
			<string>D89EC4FE198D24650015166F</string>
			<key>isa</key>
			<string>PBXBuildFile</string>
		</dict>
		<key>D89EC500198D24F60015166F</key>
		<dict>
			<key>fileEncoding</key>
			<string>4</string>
			<key>isa</key>
			<string>PBXFileReference</string>
			<key>lastKnownFileType</key>
			<string>sourcecode.c.h</string>
			<key>path</key>
			<string>ZHWebBrowserController.h</string>
			<key>sourceTree</key>
			<string>&lt;group&gt;</string>
		</dict>
		<key>D89EC501198D24F60015166F</key>
		<dict>
			<key>fileEncoding</key>
			<string>4</string>
			<key>isa</key>
			<string>PBXFileReference</string>
			<key>lastKnownFileType</key>
			<string>sourcecode.c.objc</string>
			<key>path</key>
			<string>ZHWebBrowserController.m</string>
			<key>sourceTree</key>
			<string>&lt;group&gt;</string>
		</dict>
		<key>D89EC502198D24F60015166F</key>
		<dict>
			<key>fileRef</key>
			<string>D89EC501198D24F60015166F</string>
			<key>isa</key>
			<string>PBXBuildFile</string>
		</dict>
		<key>D89EC503198D4D7E0015166F</key>
		<dict>
			<key>fileEncoding</key>
			<string>4</string>
			<key>isa</key>
			<string>PBXFileReference</string>
			<key>lastKnownFileType</key>
			<string>sourcecode.c.h</string>
			<key>path</key>
			<string>ZHDetailViewController.h</string>
			<key>sourceTree</key>
			<string>&lt;group&gt;</string>
		</dict>
		<key>D89EC504198D4D7E0015166F</key>
		<dict>
			<key>fileEncoding</key>
			<string>4</string>
			<key>isa</key>
			<string>PBXFileReference</string>
			<key>lastKnownFileType</key>
			<string>sourcecode.c.objc</string>
			<key>path</key>
			<string>ZHDetailViewController.m</string>
			<key>sourceTree</key>
			<string>&lt;group&gt;</string>
		</dict>
		<key>D89EC505198D4D7E0015166F</key>
		<dict>
			<key>fileRef</key>
			<string>D89EC504198D4D7E0015166F</string>
			<key>isa</key>
			<string>PBXBuildFile</string>
		</dict>
		<key>D89EC506198E14D50015166F</key>
		<dict>
			<key>fileEncoding</key>
			<string>4</string>
			<key>isa</key>
			<string>PBXFileReference</string>
			<key>lastKnownFileType</key>
			<string>sourcecode.c.h</string>
			<key>path</key>
			<string>ZHSettingsViewController.h</string>
			<key>sourceTree</key>
			<string>&lt;group&gt;</string>
		</dict>
		<key>D89EC507198E14D50015166F</key>
		<dict>
			<key>fileEncoding</key>
			<string>4</string>
			<key>isa</key>
			<string>PBXFileReference</string>
			<key>lastKnownFileType</key>
			<string>sourcecode.c.objc</string>
			<key>path</key>
			<string>ZHSettingsViewController.m</string>
			<key>sourceTree</key>
			<string>&lt;group&gt;</string>
		</dict>
		<key>D89EC508198E14D50015166F</key>
		<dict>
			<key>fileRef</key>
			<string>D89EC507198E14D50015166F</string>
			<key>isa</key>
			<string>PBXBuildFile</string>
		</dict>
		<key>D89EC509198E16090015166F</key>
		<dict>
			<key>fileEncoding</key>
			<string>4</string>
			<key>isa</key>
			<string>PBXFileReference</string>
			<key>lastKnownFileType</key>
			<string>sourcecode.c.h</string>
			<key>path</key>
			<string>ZHKeyDefines.h</string>
			<key>sourceTree</key>
			<string>&lt;group&gt;</string>
		</dict>
		<key>D89EC50A198E16090015166F</key>
		<dict>
			<key>fileEncoding</key>
			<string>4</string>
			<key>isa</key>
			<string>PBXFileReference</string>
			<key>lastKnownFileType</key>
			<string>sourcecode.c.objc</string>
			<key>path</key>
			<string>ZHKeyDefines.m</string>
			<key>sourceTree</key>
			<string>&lt;group&gt;</string>
		</dict>
		<key>D89EC50B198E16090015166F</key>
		<dict>
			<key>fileRef</key>
			<string>D89EC50A198E16090015166F</string>
			<key>isa</key>
			<string>PBXBuildFile</string>
		</dict>
		<key>D8BC37FB19A64B2E005AE8DB</key>
		<dict>
			<key>fileEncoding</key>
			<string>4</string>
			<key>isa</key>
			<string>PBXFileReference</string>
			<key>lastKnownFileType</key>
			<string>sourcecode.javascript</string>
			<key>path</key>
			<string>jquery-2.1.0.min.js</string>
			<key>sourceTree</key>
			<string>&lt;group&gt;</string>
		</dict>
		<key>D8BC37FD19A64B65005AE8DB</key>
		<dict>
			<key>fileRef</key>
			<string>D8BC37FB19A64B2E005AE8DB</string>
			<key>isa</key>
			<string>PBXBuildFile</string>
		</dict>
		<key>D8CE959219A11C74001E02A1</key>
		<dict>
			<key>children</key>
			<array>
				<string>D89EC4F3198CC6F10015166F</string>
				<string>D89EC4F5198D08490015166F</string>
				<string>D89EC4F7198D0DA30015166F</string>
				<string>D8BC37FB19A64B2E005AE8DB</string>
			</array>
			<key>isa</key>
			<string>PBXGroup</string>
			<key>name</key>
			<string>WebSource</string>
			<key>sourceTree</key>
			<string>&lt;group&gt;</string>
		</dict>
		<key>D8EFE6031991018600B03633</key>
		<dict>
			<key>fileEncoding</key>
			<string>4</string>
			<key>isa</key>
			<string>PBXFileReference</string>
			<key>lastKnownFileType</key>
			<string>sourcecode.c.h</string>
			<key>path</key>
			<string>ZHCacheControl.h</string>
			<key>sourceTree</key>
			<string>&lt;group&gt;</string>
		</dict>
		<key>D8EFE6041991018600B03633</key>
		<dict>
			<key>fileEncoding</key>
			<string>4</string>
			<key>isa</key>
			<string>PBXFileReference</string>
			<key>lastKnownFileType</key>
			<string>sourcecode.c.objc</string>
			<key>path</key>
			<string>ZHCacheControl.m</string>
			<key>sourceTree</key>
			<string>&lt;group&gt;</string>
		</dict>
		<key>D8EFE6051991018600B03633</key>
		<dict>
			<key>fileRef</key>
			<string>D8EFE6041991018600B03633</string>
			<key>isa</key>
			<string>PBXBuildFile</string>
		</dict>
	</dict>
	<key>rootObject</key>
	<string>D88CDB8C198B4740008DCEFF</string>
</dict>
</plist>
